# This file is automatically @generated by Cargo.
# It is not intended for manual editing.
version = 3

[[package]]
name = "mir2c"
version = "0.1.0"
dependencies = [
 "rustc_tools_util",
]

[[package]]
name = "rustc_tools_util"
version = "0.2.0"
source = "registry+https://github.com/rust-lang/crates.io-index"
checksum = "b725dadae9fabc488df69a287f5a99c5eaf5d10853842a8a3dfac52476f544ee"
